
Microsoft Visual Studio Solution File, Format Version 12.00
# Visual Studio Version 17
VisualStudioVersion = 17.7.34024.191
MinimumVisualStudioVersion = 10.0.40219.1
Project("{FAE04EC0-301F-11D3-BF4B-00C04F79EFBC}") = "SUT23_Individuellt_projekt", "SUT23_Individuellt_projekt.csproj", "{AB439500-4EA7-402E-B15A-AEE7AF46C96F}"
EndProject
Global
	GlobalSection(SolutionConfigurationPlatforms) = preSolution
		Debug|Any CPU = Debug|Any CPU
		Release|Any CPU = Release|Any CPU
	EndGlobalSection
	GlobalSection(ProjectConfigurationPlatforms) = postSolution
		{AB439500-4EA7-402E-B15A-AEE7AF46C96F}.Debug|Any CPU.ActiveCfg = Debug|Any CPU
		{AB439500-4EA7-402E-B15A-AEE7AF46C96F}.Debug|Any CPU.Build.0 = Debug|Any CPU
		{AB439500-4EA7-402E-B15A-AEE7AF46C96F}.Release|Any CPU.ActiveCfg = Release|Any CPU
		{AB439500-4EA7-402E-B15A-AEE7AF46C96F}.Release|Any CPU.Build.0 = Release|Any CPU
	EndGlobalSection
	GlobalSection(SolutionProperties) = preSolution
		HideSolutionNode = FALSE
	EndGlobalSection
	GlobalSection(ExtensibilityGlobals) = postSolution
		SolutionGuid = {9BCF4103-B848-4FA0-96D8-E020398368D5}
	EndGlobalSection
EndGlobal
